{
  "version": 4,
  "terraform_version": "1.5.6",
  "serial": 34,
  "lineage": "cd5a2894-53a2-9378-deec-3ee35c0312b4",
  "outputs": {
    "ips": {
      "value": [
        []
      ],
      "type": [
        "tuple",
        [
          [
            "list",
            "string"
          ]
        ]
      ]
    }
  },
  "resources": [
    {
      "mode": "data",
      "type": "template_file",
      "name": "network_config",
      "provider": "provider[\"registry.terraform.io/hashicorp/template\"]",
      "instances": [
        {
          "schema_version": 0,
          "attributes": {
            "filename": null,
            "id": "bab5ced171f7c6bc719691e20e79e3e2b135f9ca6bb9a5014e9aaec3011806a8",
            "rendered": "version: 2\nethernets:\n  ens3:\n     dhcp4: true\n",
            "template": "version: 2\nethernets:\n  ens3:\n     dhcp4: true\n",
            "vars": null
          },
          "sensitive_attributes": []
        }
      ]
    },
    {
      "mode": "data",
      "type": "template_file",
      "name": "user_data",
      "provider": "provider[\"registry.terraform.io/hashicorp/template\"]",
      "instances": [
        {
          "schema_version": 0,
          "attributes": {
            "filename": null,
            "id": "535f686e2e3c39340060b6a866840457a8927b8f5eec90f9e61e1fb1c91de29b",
            "rendered": "#cloud-config\nhostname: simple1\nfqdn: simple1.example.com\nmanage_etc_hosts: true\nusers:\n  - name: ubuntu\n    sudo: ALL=(ALL) NOPASSWD:ALL\n    groups: users, admin\n    home: /home/ubuntu\n    shell: /bin/bash\n    lock_passwd: false\n    ssh-authorized-keys:\n      - ssh-rsa AAAAB3NzaC1yc2EAAAADAQABAAACAQC+Ixi5099TtpNR395aVTAAYtFKgIDPxDxyO9zu7Advfb1/bvakxqcOTf8NxUDacWTmJ6pfWe9m+1SaTOOH1TsavoMcOGg+Q8fVecnwYc2j+I9Y5l0/XPNEF9PWfKw0Fx4VQfSxfOCkaXKi0aqfgLtldRcLqBo/KL4Dbtl/2PS/B1ssVtZJM+tfubxHPkTjxxffzYrgC1btFJfHtCG8G0So7W3s1FXWpY/GVswAQlv6T35hwbfoUYQ1pIAlcaUIVAQgyltDzMmJAFggNnvpxzm/bf2W8qdPE6l9HCJ1J4Vp/FGEUec0YuXByFB2lSjR5ft1X7mosR9iHPKA0ktc7v50THujhEKAqOTEiZkFMkfrlLfXpS9tRQbeipHD+WO8Vi4AXGTRI4roi/savHiYZ7VUMJdsDZTpDzkF7PVtWv8lgHsIiVLa0p7ToEAzua+oU0NGRdWjhVdzN6tBsa0q+ll6SwBaRSnDjGcCAsZJneDFc7FaPIkIU/puhxeUExWsayAbusTvN2Omm1Ymp2enm6fUY19g4VgsZ5gjIqoLovXThmJUkekyOa9DzHNjcOjqOCqnjR7ng6gDf0ajwP3dG1ct8D/fKrJZhpD1G9EnOGzZperoDfP08V0g2LSd4vzlOLQILb02u/TMoB5x8j7X1xHgXpe2HdxaHVFu4lcLfN+ldQ== simple\n\n# only cert auth via ssh (console access can still login)\nssh_pwauth: false\ndisable_root: false\nchpasswd:\n  list: |\n     ubuntu:linux\n  expire: False\npackages:\n  - qemu-guest-agent\n\n# test of writing content\nwrite_files:\n  - content: |\n      The quick brown fox jumped \n      over the lazy dog\n    path: /root/test.txt\n\n# written to /var/log/cloud-init-output.log\nfinal_message: \"The system is finally up, after $UPTIME seconds\"\n\n",
            "template": "#cloud-config\nhostname: ${hostname}\nfqdn: ${fqdn}\nmanage_etc_hosts: true\nusers:\n  - name: ubuntu\n    sudo: ALL=(ALL) NOPASSWD:ALL\n    groups: users, admin\n    home: /home/ubuntu\n    shell: /bin/bash\n    lock_passwd: false\n    ssh-authorized-keys:\n      - ${file(\"id_rsa.pub\")}\n# only cert auth via ssh (console access can still login)\nssh_pwauth: false\ndisable_root: false\nchpasswd:\n  list: |\n     ubuntu:linux\n  expire: False\npackages:\n  - qemu-guest-agent\n\n# test of writing content\nwrite_files:\n  - content: |\n      The quick brown fox jumped \n      over the lazy dog\n    path: /root/test.txt\n\n# written to /var/log/cloud-init-output.log\nfinal_message: \"The system is finally up, after $UPTIME seconds\"\n\n",
            "vars": {
              "fqdn": "simple1.example.com",
              "hostname": "simple1"
            }
          },
          "sensitive_attributes": []
        }
      ]
    },
    {
      "mode": "managed",
      "type": "libvirt_cloudinit_disk",
      "name": "commoninit",
      "provider": "provider[\"registry.terraform.io/dmacvicar/libvirt\"]",
      "instances": [
        {
          "schema_version": 0,
          "attributes": {
            "id": "/var/lib/libvirt/images/simple1-commoninit.iso;fa543e20-95de-4623-98b1-e01ee96bcfe2",
            "meta_data": "",
            "name": "simple1-commoninit.iso",
            "network_config": "version: 2\nethernets:\n  ens3:\n     dhcp4: true\n",
            "pool": "default",
            "user_data": "#cloud-config\nhostname: simple1\nfqdn: simple1.example.com\nmanage_etc_hosts: true\nusers:\n  - name: ubuntu\n    sudo: ALL=(ALL) NOPASSWD:ALL\n    groups: users, admin\n    home: /home/ubuntu\n    shell: /bin/bash\n    lock_passwd: false\n    ssh-authorized-keys:\n      - ssh-rsa AAAAB3NzaC1yc2EAAAADAQABAAACAQC+Ixi5099TtpNR395aVTAAYtFKgIDPxDxyO9zu7Advfb1/bvakxqcOTf8NxUDacWTmJ6pfWe9m+1SaTOOH1TsavoMcOGg+Q8fVecnwYc2j+I9Y5l0/XPNEF9PWfKw0Fx4VQfSxfOCkaXKi0aqfgLtldRcLqBo/KL4Dbtl/2PS/B1ssVtZJM+tfubxHPkTjxxffzYrgC1btFJfHtCG8G0So7W3s1FXWpY/GVswAQlv6T35hwbfoUYQ1pIAlcaUIVAQgyltDzMmJAFggNnvpxzm/bf2W8qdPE6l9HCJ1J4Vp/FGEUec0YuXByFB2lSjR5ft1X7mosR9iHPKA0ktc7v50THujhEKAqOTEiZkFMkfrlLfXpS9tRQbeipHD+WO8Vi4AXGTRI4roi/savHiYZ7VUMJdsDZTpDzkF7PVtWv8lgHsIiVLa0p7ToEAzua+oU0NGRdWjhVdzN6tBsa0q+ll6SwBaRSnDjGcCAsZJneDFc7FaPIkIU/puhxeUExWsayAbusTvN2Omm1Ymp2enm6fUY19g4VgsZ5gjIqoLovXThmJUkekyOa9DzHNjcOjqOCqnjR7ng6gDf0ajwP3dG1ct8D/fKrJZhpD1G9EnOGzZperoDfP08V0g2LSd4vzlOLQILb02u/TMoB5x8j7X1xHgXpe2HdxaHVFu4lcLfN+ldQ== simple\n\n# only cert auth via ssh (console access can still login)\nssh_pwauth: false\ndisable_root: false\nchpasswd:\n  list: |\n     ubuntu:linux\n  expire: False\npackages:\n  - qemu-guest-agent\n\n# test of writing content\nwrite_files:\n  - content: |\n      The quick brown fox jumped \n      over the lazy dog\n    path: /root/test.txt\n\n# written to /var/log/cloud-init-output.log\nfinal_message: \"The system is finally up, after $UPTIME seconds\"\n\n"
          },
          "sensitive_attributes": [],
          "private": "bnVsbA==",
          "dependencies": [
            "data.template_file.network_config",
            "data.template_file.user_data"
          ]
        }
      ]
    },
    {
      "mode": "managed",
      "type": "libvirt_domain",
      "name": "domain-ubuntu",
      "provider": "provider[\"registry.terraform.io/dmacvicar/libvirt\"]",
      "instances": [
        {
          "schema_version": 0,
          "attributes": {
            "arch": "x86_64",
            "autostart": false,
            "boot_device": [],
            "cloudinit": "/var/lib/libvirt/images/simple1-commoninit.iso;fa543e20-95de-4623-98b1-e01ee96bcfe2",
            "cmdline": [],
            "console": [
              {
                "source_host": "127.0.0.1",
                "source_path": "",
                "source_service": "0",
                "target_port": "0",
                "target_type": "serial",
                "type": "pty"
              }
            ],
            "coreos_ignition": null,
            "cpu": [
              {
                "mode": "custom"
              }
            ],
            "description": "",
            "disk": [
              {
                "block_device": "",
                "file": "",
                "scsi": false,
                "url": "",
                "volume_id": "/var/lib/libvirt/images/simple1-os_image",
                "wwn": ""
              }
            ],
            "emulator": "/usr/bin/qemu-system-x86_64",
            "filesystem": [],
            "firmware": null,
            "fw_cfg_name": "opt/com.coreos/config",
            "graphics": [
              {
                "autoport": true,
                "listen_address": "127.0.0.1",
                "listen_type": "address",
                "type": "spice",
                "websocket": 0
              }
            ],
            "id": "3fc26a0b-d34a-49f4-8e89-bd96c6af3bef",
            "initrd": "",
            "kernel": "",
            "machine": "ubuntu",
            "memory": 1024,
            "metadata": null,
            "name": "simple1",
            "network_interface": [
              {
                "addresses": [],
                "bridge": "",
                "hostname": "",
                "mac": "52:54:00:C2:BA:5E",
                "macvtap": "",
                "network_id": "d1e655e7-486d-481f-9ed0-9ca11fd43569",
                "network_name": "default",
                "passthrough": "",
                "vepa": "",
                "wait_for_lease": false
              }
            ],
            "nvram": [],
            "qemu_agent": false,
            "running": true,
            "timeouts": null,
            "tpm": [],
            "vcpu": 1,
            "video": [],
            "xml": []
          },
          "sensitive_attributes": [],
          "private": "eyJlMmJmYjczMC1lY2FhLTExZTYtOGY4OC0zNDM2M2JjN2M0YzAiOnsiY3JlYXRlIjozMDAwMDAwMDAwMDB9fQ==",
          "dependencies": [
            "libvirt_cloudinit_disk.commoninit",
            "libvirt_volume.os_image"
          ]
        }
      ]
    },
    {
      "mode": "managed",
      "type": "libvirt_volume",
      "name": "os_image",
      "provider": "provider[\"registry.terraform.io/dmacvicar/libvirt\"]",
      "instances": [
        {
          "schema_version": 0,
          "attributes": {
            "base_volume_id": null,
            "base_volume_name": null,
            "base_volume_pool": null,
            "format": "qcow2",
            "id": "/var/lib/libvirt/images/simple1-os_image",
            "name": "simple1-os_image",
            "pool": "default",
            "size": 2361393152,
            "source": "https://cloud-images.ubuntu.com/bionic/current/bionic-server-cloudimg-amd64.img",
            "xml": []
          },
          "sensitive_attributes": [],
          "private": "bnVsbA=="
        }
      ]
    }
  ],
  "check_results": null
}
